dependencies:
  espressif/esp_websocket_client:
    component_hash: ae561d39222a399ddda5e470913c3d54a3c0f53dce15b8d21a3aaa4226dd74b1
    dependencies:
    - name: idf
      require: private
      version: '>=5.0'
    source:
      registry_url: https://components.espressif.com/
      type: service
    version: 1.2.3
  idf:
    source:
      type: idf
    version: 5.3.0
direct_dependencies:
- espressif/esp_websocket_client
- idf
manifest_hash: 052a9269af9b30df693a8d68983168cd1fd3daef283dac37cc767ee3989608f7
target: esp32
version: 2.0.0
